
Microsoft Visual Studio Solution File, Format Version 12.00
# Visual Studio Version 16
VisualStudioVersion = 16.0.31829.152
MinimumVisualStudioVersion = 10.0.40219.1
Project("{FAE04EC0-301F-11D3-BF4B-00C04F79EFBC}") = "PictureBoxKullanimi", "PictureBoxKullanimi\PictureBoxKullanimi.csproj", "{2CD02DF0-0DD2-4E68-9BD3-BA9C3DC588B5}"
EndProject
Global
	GlobalSection(SolutionConfigurationPlatforms) = preSolution
		Debug|Any CPU = Debug|Any CPU
		Release|Any CPU = Release|Any CPU
	EndGlobalSection
	GlobalSection(ProjectConfigurationPlatforms) = postSolution
		{2CD02DF0-0DD2-4E68-9BD3-BA9C3DC588B5}.Debug|Any CPU.ActiveCfg = Debug|Any CPU
		{2CD02DF0-0DD2-4E68-9BD3-BA9C3DC588B5}.Debug|Any CPU.Build.0 = Debug|Any CPU
		{2CD02DF0-0DD2-4E68-9BD3-BA9C3DC588B5}.Release|Any CPU.ActiveCfg = Release|Any CPU
		{2CD02DF0-0DD2-4E68-9BD3-BA9C3DC588B5}.Release|Any CPU.Build.0 = Release|Any CPU
	EndGlobalSection
	GlobalSection(SolutionProperties) = preSolution
		HideSolutionNode = FALSE
	EndGlobalSection
	GlobalSection(ExtensibilityGlobals) = postSolution
		SolutionGuid = {08C8F039-784E-490F-9A82-350FB7DC5B31}
	EndGlobalSection
EndGlobal
